PODS:
  - Flutter (1.0.0)

DEPENDENCIES:
  - Flutter (from `/Users/zzh/Flutter/bin/cache/artifacts/engine/ios`)

EXTERNAL SOURCES:
  Flutter:
    :path: "/Users/zzh/Flutter/bin/cache/artifacts/engine/ios"

SPEC CHECKSUMS:
  Flutter: 0e3d915762c693b495b44d77113d4970485de6ec

PODFILE CHECKSUM: c6c865faff84807a5d35de69eb2cdbdc36b99e15

COCOAPODS: 1.8.4
